{
  "requires": true,
  "lockfileVersion": 1,
  "dependencies": {
    "@types/microsoftteams": {
      "version": "1.2.0",
      "resolved": "https://registry.npmjs.org/@types/microsoftteams/-/microsoftteams-1.2.0.tgz",
      "integrity": "sha512-zw51jtxCmx8lFTk8Rv91aNZPndl77Rk8WffYG8Fk24NlXFcVfoM/vJvLmBQ34I+r1KBo+jroLK4GB2WldSTWaw==",
      "dev": true
    }
  }
}
